
Microsoft Visual Studio Solution File, Format Version 12.00
# Visual Studio Version 17
VisualStudioVersion = 17.3.32929.385
MinimumVisualStudioVersion = 10.0.40219.1
Project("{9A19103F-16F7-4668-BE54-9A1E7A4F7556}") = "hangfire-example", "hangfire-example.csproj", "{6E59C96C-07EF-4A08-895B-E84F1325EE76}"
EndProject
Global
	GlobalSection(SolutionConfigurationPlatforms) = preSolution
		Debug|Any CPU = Debug|Any CPU
		Release|Any CPU = Release|Any CPU
	EndGlobalSection
	GlobalSection(ProjectConfigurationPlatforms) = postSolution
		{6E59C96C-07EF-4A08-895B-E84F1325EE76}.Debug|Any CPU.ActiveCfg = Debug|Any CPU
		{6E59C96C-07EF-4A08-895B-E84F1325EE76}.Debug|Any CPU.Build.0 = Debug|Any CPU
		{6E59C96C-07EF-4A08-895B-E84F1325EE76}.Release|Any CPU.ActiveCfg = Release|Any CPU
		{6E59C96C-07EF-4A08-895B-E84F1325EE76}.Release|Any CPU.Build.0 = Release|Any CPU
	EndGlobalSection
	GlobalSection(SolutionProperties) = preSolution
		HideSolutionNode = FALSE
	EndGlobalSection
	GlobalSection(ExtensibilityGlobals) = postSolution
		SolutionGuid = {9C54AC0A-6BB8-4110-B7B2-D7D7B540BBC4}
	EndGlobalSection
EndGlobal
